PODS:
  - ColorfulWoodSystem (1.0.0)

DEPENDENCIES:
  - ColorfulWoodSystem

SPEC REPOS:
  https://github.com/cocoapods/specs.git:
    - ColorfulWoodSystem

SPEC CHECKSUMS:
  ColorfulWoodSystem: 013237e4352eebb043f964eb106f064d56ba74a6

PODFILE CHECKSUM: c6cfac23e02e234add6a3568ca80468faa4bd912

COCOAPODS: 1.5.2
